
Microsoft Visual Studio Solution File, Format Version 12.00
# Visual Studio 15
VisualStudioVersion = 15.0.26124.0
MinimumVisualStudioVersion = 15.0.26124.0
Project("{2150E333-8FDC-42A3-9474-1A3956D46DE8}") = "src", "src", "{0851820B-02AC-4F0C-B17E-112114C3EAF3}"
EndProject
Project("{F2A71F9B-5D33-465A-A702-920D77279786}") = "Ouroboros", "src\Ouroboros\Ouroboros.fsproj", "{9AA14DA4-514D-40C3-A16C-A85F520FB331}"
EndProject
Project("{F2A71F9B-5D33-465A-A702-920D77279786}") = "Ouroboros.EventStore", "src\Ouroboros.EventStore\Ouroboros.EventStore.fsproj", "{8135F645-6A2B-4FED-A799-B04298841FD2}"
EndProject
Project("{F2A71F9B-5D33-465A-A702-920D77279786}") = "Dog", "src\Dog\Dog.fsproj", "{FDE29D9F-A0E3-482F-8C4D-59046AE146CB}"
EndProject
Project("{F2A71F9B-5D33-465A-A702-920D77279786}") = "Tests", "src\Tests\Tests.fsproj", "{5995FE90-7CC8-47D6-BC62-1BAC4D2BC902}"
EndProject
Global
	GlobalSection(SolutionConfigurationPlatforms) = preSolution
		Debug|Any CPU = Debug|Any CPU
		Debug|x64 = Debug|x64
		Debug|x86 = Debug|x86
		Release|Any CPU = Release|Any CPU
		Release|x64 = Release|x64
		Release|x86 = Release|x86
	EndGlobalSection
	GlobalSection(SolutionProperties) = preSolution
		HideSolutionNode = FALSE
	EndGlobalSection
	GlobalSection(ProjectConfigurationPlatforms) = postSolution
		{9AA14DA4-514D-40C3-A16C-A85F520FB331}.Debug|Any CPU.ActiveCfg = Debug|Any CPU
		{9AA14DA4-514D-40C3-A16C-A85F520FB331}.Debug|Any CPU.Build.0 = Debug|Any CPU
		{9AA14DA4-514D-40C3-A16C-A85F520FB331}.Debug|x64.ActiveCfg = Debug|Any CPU
		{9AA14DA4-514D-40C3-A16C-A85F520FB331}.Debug|x64.Build.0 = Debug|Any CPU
		{9AA14DA4-514D-40C3-A16C-A85F520FB331}.Debug|x86.ActiveCfg = Debug|Any CPU
		{9AA14DA4-514D-40C3-A16C-A85F520FB331}.Debug|x86.Build.0 = Debug|Any CPU
		{9AA14DA4-514D-40C3-A16C-A85F520FB331}.Release|Any CPU.ActiveCfg = Release|Any CPU
		{9AA14DA4-514D-40C3-A16C-A85F520FB331}.Release|Any CPU.Build.0 = Release|Any CPU
		{9AA14DA4-514D-40C3-A16C-A85F520FB331}.Release|x64.ActiveCfg = Release|Any CPU
		{9AA14DA4-514D-40C3-A16C-A85F520FB331}.Release|x64.Build.0 = Release|Any CPU
		{9AA14DA4-514D-40C3-A16C-A85F520FB331}.Release|x86.ActiveCfg = Release|Any CPU
		{9AA14DA4-514D-40C3-A16C-A85F520FB331}.Release|x86.Build.0 = Release|Any CPU
		{8135F645-6A2B-4FED-A799-B04298841FD2}.Debug|Any CPU.ActiveCfg = Debug|Any CPU
		{8135F645-6A2B-4FED-A799-B04298841FD2}.Debug|Any CPU.Build.0 = Debug|Any CPU
		{8135F645-6A2B-4FED-A799-B04298841FD2}.Debug|x64.ActiveCfg = Debug|Any CPU
		{8135F645-6A2B-4FED-A799-B04298841FD2}.Debug|x64.Build.0 = Debug|Any CPU
		{8135F645-6A2B-4FED-A799-B04298841FD2}.Debug|x86.ActiveCfg = Debug|Any CPU
		{8135F645-6A2B-4FED-A799-B04298841FD2}.Debug|x86.Build.0 = Debug|Any CPU
		{8135F645-6A2B-4FED-A799-B04298841FD2}.Release|Any CPU.ActiveCfg = Release|Any CPU
		{8135F645-6A2B-4FED-A799-B04298841FD2}.Release|Any CPU.Build.0 = Release|Any CPU
		{8135F645-6A2B-4FED-A799-B04298841FD2}.Release|x64.ActiveCfg = Release|Any CPU
		{8135F645-6A2B-4FED-A799-B04298841FD2}.Release|x64.Build.0 = Release|Any CPU
		{8135F645-6A2B-4FED-A799-B04298841FD2}.Release|x86.ActiveCfg = Release|Any CPU
		{8135F645-6A2B-4FED-A799-B04298841FD2}.Release|x86.Build.0 = Release|Any CPU
		{FDE29D9F-A0E3-482F-8C4D-59046AE146CB}.Debug|Any CPU.ActiveCfg = Debug|Any CPU
		{FDE29D9F-A0E3-482F-8C4D-59046AE146CB}.Debug|Any CPU.Build.0 = Debug|Any CPU
		{FDE29D9F-A0E3-482F-8C4D-59046AE146CB}.Debug|x64.ActiveCfg = Debug|Any CPU
		{FDE29D9F-A0E3-482F-8C4D-59046AE146CB}.Debug|x64.Build.0 = Debug|Any CPU
		{FDE29D9F-A0E3-482F-8C4D-59046AE146CB}.Debug|x86.ActiveCfg = Debug|Any CPU
		{FDE29D9F-A0E3-482F-8C4D-59046AE146CB}.Debug|x86.Build.0 = Debug|Any CPU
		{FDE29D9F-A0E3-482F-8C4D-59046AE146CB}.Release|Any CPU.ActiveCfg = Release|Any CPU
		{FDE29D9F-A0E3-482F-8C4D-59046AE146CB}.Release|Any CPU.Build.0 = Release|Any CPU
		{FDE29D9F-A0E3-482F-8C4D-59046AE146CB}.Release|x64.ActiveCfg = Release|Any CPU
		{FDE29D9F-A0E3-482F-8C4D-59046AE146CB}.Release|x64.Build.0 = Release|Any CPU
		{FDE29D9F-A0E3-482F-8C4D-59046AE146CB}.Release|x86.ActiveCfg = Release|Any CPU
		{FDE29D9F-A0E3-482F-8C4D-59046AE146CB}.Release|x86.Build.0 = Release|Any CPU
		{5995FE90-7CC8-47D6-BC62-1BAC4D2BC902}.Debug|Any CPU.ActiveCfg = Debug|Any CPU
		{5995FE90-7CC8-47D6-BC62-1BAC4D2BC902}.Debug|Any CPU.Build.0 = Debug|Any CPU
		{5995FE90-7CC8-47D6-BC62-1BAC4D2BC902}.Debug|x64.ActiveCfg = Debug|Any CPU
		{5995FE90-7CC8-47D6-BC62-1BAC4D2BC902}.Debug|x64.Build.0 = Debug|Any CPU
		{5995FE90-7CC8-47D6-BC62-1BAC4D2BC902}.Debug|x86.ActiveCfg = Debug|Any CPU
		{5995FE90-7CC8-47D6-BC62-1BAC4D2BC902}.Debug|x86.Build.0 = Debug|Any CPU
		{5995FE90-7CC8-47D6-BC62-1BAC4D2BC902}.Release|Any CPU.ActiveCfg = Release|Any CPU
		{5995FE90-7CC8-47D6-BC62-1BAC4D2BC902}.Release|Any CPU.Build.0 = Release|Any CPU
		{5995FE90-7CC8-47D6-BC62-1BAC4D2BC902}.Release|x64.ActiveCfg = Release|Any CPU
		{5995FE90-7CC8-47D6-BC62-1BAC4D2BC902}.Release|x64.Build.0 = Release|Any CPU
		{5995FE90-7CC8-47D6-BC62-1BAC4D2BC902}.Release|x86.ActiveCfg = Release|Any CPU
		{5995FE90-7CC8-47D6-BC62-1BAC4D2BC902}.Release|x86.Build.0 = Release|Any CPU
	EndGlobalSection
	GlobalSection(NestedProjects) = preSolution
		{9AA14DA4-514D-40C3-A16C-A85F520FB331} = {0851820B-02AC-4F0C-B17E-112114C3EAF3}
		{8135F645-6A2B-4FED-A799-B04298841FD2} = {0851820B-02AC-4F0C-B17E-112114C3EAF3}
		{FDE29D9F-A0E3-482F-8C4D-59046AE146CB} = {0851820B-02AC-4F0C-B17E-112114C3EAF3}
		{5995FE90-7CC8-47D6-BC62-1BAC4D2BC902} = {0851820B-02AC-4F0C-B17E-112114C3EAF3}
	EndGlobalSection
EndGlobal
